<?xml version="1.0" encoding="utf-8"?>
<Project ToolsVersion="4.0" xmlns="http://schemas.microsoft.com/developer/msbuild/2003">
  <ItemGroup>
    <Filter Include="Source Files">
      <UniqueIdentifier>{4FC737F1-C7A5-4376-A066-2A32D752A2FF}</UniqueIdentifier>
      <Extensions>cpp;c;cc;cxx;def;odl;idl;hpj;bat;asm;asmx</Extensions>
    </Filter>
    <Filter Include="Header Files">
      <UniqueIdentifier>{93995380-89BD-4b04-88EB-625FBE52EBFB}</UniqueIdentifier>
      <Extensions>h;hh;hpp;hxx;hm;inl;inc;xsd</Extensions>
    </Filter>
    <Filter Include="Resource Files">
      <UniqueIdentifier>{67DA6AB6-F800-4c08-8B7A-83BB121AAD01}</UniqueIdentifier>
      <Extensions>rc;ico;cur;bmp;dlg;rc2;rct;bin;rgs;gif;jpg;jpeg;jpe;resx;tiff;tif;png;wav;mfcribbon-ms</Extensions>
    </Filter>
    <Filter Include="Source Files\Arrays and Strings">
      <UniqueIdentifier>{f3fddb80-c2bf-4700-9142-c8eff6187d1d}</UniqueIdentifier>
    </Filter>
    <Filter Include="Source Files\Linked Lists">
      <UniqueIdentifier>{d0cfb09d-6ae9-4e3d-a80d-569bf3c9406b}</UniqueIdentifier>
    </Filter>
    <Filter Include="Source Files\Stacks and Queues">
      <UniqueIdentifier>{c69fa8eb-43a2-4c68-8da7-4a9ca60ee61a}</UniqueIdentifier>
    </Filter>
  </ItemGroup>
  <ItemGroup>
    <ClCompile Include="Main.cpp">
      <Filter>Source Files</Filter>
    </ClCompile>
    <ClCompile Include="Question_1_1.cpp">
      <Filter>Source Files\Arrays and Strings</Filter>
    </ClCompile>
    <ClCompile Include="Question_1_2.cpp">
      <Filter>Source Files\Arrays and Strings</Filter>
    </ClCompile>
    <ClCompile Include="Question_1_3.cpp">
      <Filter>Source Files\Arrays and Strings</Filter>
    </ClCompile>
    <ClCompile Include="Question_1_4.cpp">
      <Filter>Source Files\Arrays and Strings</Filter>
    </ClCompile>
    <ClCompile Include="Question_1_5.cpp">
      <Filter>Source Files\Arrays and Strings</Filter>
    </ClCompile>
    <ClCompile Include="Question_1_6.cpp">
      <Filter>Source Files\Arrays and Strings</Filter>
    </ClCompile>
    <ClCompile Include="Question_1_7.cpp">
      <Filter>Source Files\Arrays and Strings</Filter>
    </ClCompile>
    <ClCompile Include="Question_1_8.cpp">
      <Filter>Source Files\Arrays and Strings</Filter>
    </ClCompile>
    <ClCompile Include="Question_2_1.cpp">
      <Filter>Source Files\Linked Lists</Filter>
    </ClCompile>
    <ClCompile Include="Question_2_2.cpp">
      <Filter>Source Files\Linked Lists</Filter>
    </ClCompile>
    <ClCompile Include="Question_2_3.cpp">
      <Filter>Source Files\Linked Lists</Filter>
    </ClCompile>
    <ClCompile Include="Question_2_4.cpp">
      <Filter>Source Files\Linked Lists</Filter>
    </ClCompile>
    <ClCompile Include="Question_2_5.cpp">
      <Filter>Source Files\Linked Lists</Filter>
    </ClCompile>
    <ClCompile Include="Question_2_6.cpp">
      <Filter>Source Files\Linked Lists</Filter>
    </ClCompile>
    <ClCompile Include="Question_2_7.cpp">
      <Filter>Source Files\Linked Lists</Filter>
    </ClCompile>
    <ClCompile Include="Question_3_1.cpp">
      <Filter>Source Files\Stacks and Queues</Filter>
    </ClCompile>
    <ClCompile Include="Question_3_2.cpp">
      <Filter>Source Files\Stacks and Queues</Filter>
    </ClCompile>
    <ClCompile Include="Question_3_3.cpp">
      <Filter>Source Files\Stacks and Queues</Filter>
    </ClCompile>
    <ClCompile Include="Question_3_4.cpp">
      <Filter>Source Files\Stacks and Queues</Filter>
    </ClCompile>
    <ClCompile Include="Question_3_5.cpp">
      <Filter>Source Files\Stacks and Queues</Filter>
    </ClCompile>
    <ClCompile Include="Question_3_6.cpp">
      <Filter>Source Files\Stacks and Queues</Filter>
    </ClCompile>
    <ClCompile Include="Question_3_7.cpp">
      <Filter>Source Files\Stacks and Queues</Filter>
    </ClCompile>
  </ItemGroup>
  <ItemGroup>
    <ClInclude Include="LinkedList.h">
      <Filter>Source Files\Linked Lists</Filter>
    </ClInclude>
    <ClInclude Include="StringHelpers.h">
      <Filter>Source Files\Arrays and Strings</Filter>
    </ClInclude>
    <ClInclude Include="Node.h">
      <Filter>Source Files\Linked Lists</Filter>
    </ClInclude>
    <ClInclude Include="Stack.h">
      <Filter>Source Files\Stacks and Queues</Filter>
    </ClInclude>
    <ClInclude Include="Queue.h">
      <Filter>Source Files\Stacks and Queues</Filter>
    </ClInclude>
  </ItemGroup>
</Project>